
Microsoft Visual Studio Solution File, Format Version 12.00
# Visual Studio 2013
VisualStudioVersion = 12.0.40629.0
MinimumVisualStudioVersion = 10.0.40219.1
Project("{FAE04EC0-301F-11D3-BF4B-00C04F79EFBC}") = "CBHY.OAuth2.Client", "CBHY.OAuth2.0\CBHY.OAuth2.Client.csproj", "{567DF2F4-52FA-4FEF-A30B-7C48E596B72F}"
	ProjectSection(ProjectDependencies) = postProject
		{8A3D1B0E-2A0F-40C3-B28F-2ECE36F60C34} = {8A3D1B0E-2A0F-40C3-B28F-2ECE36F60C34}
		{FCF76BF0-4D59-4E8C-A3DE-A24E7D94F9E2} = {FCF76BF0-4D59-4E8C-A3DE-A24E7D94F9E2}
	EndProjectSection
EndProject
Project("{FAE04EC0-301F-11D3-BF4B-00C04F79EFBC}") = "CBHY.OAuth2.AuthorizetionServer", "CBHY.OAuth2.0.AuthorizetionServer\CBHY.OAuth2.AuthorizetionServer.csproj", "{8A3D1B0E-2A0F-40C3-B28F-2ECE36F60C34}"
EndProject
Project("{FAE04EC0-301F-11D3-BF4B-00C04F79EFBC}") = "CBHY.OAuth2.OAuthResourceServer", "CBHY.OAuth2.0.ResourceServer\CBHY.OAuth2.OAuthResourceServer.csproj", "{FCF76BF0-4D59-4E8C-A3DE-A24E7D94F9E2}"
EndProject
Project("{FAE04EC0-301F-11D3-BF4B-00C04F79EFBC}") = "OAuth2.Model.CHYAuth", "OAuth2.Model.CHYAuth\OAuth2.Model.CHYAuth.csproj", "{553DC333-75FD-42C2-B3DF-F06D8D14F648}"
EndProject
Project("{2150E333-8FDC-42A3-9474-1A3956D46DE8}") = "Common", "Common", "{7BAFDF26-5E11-44A8-9FAD-1A6D3071973E}"
EndProject
Global
	GlobalSection(SolutionConfigurationPlatforms) = preSolution
		Debug|Any CPU = Debug|Any CPU
		Release|Any CPU = Release|Any CPU
	EndGlobalSection
	GlobalSection(ProjectConfigurationPlatforms) = postSolution
		{567DF2F4-52FA-4FEF-A30B-7C48E596B72F}.Debug|Any CPU.ActiveCfg = Debug|Any CPU
		{567DF2F4-52FA-4FEF-A30B-7C48E596B72F}.Debug|Any CPU.Build.0 = Debug|Any CPU
		{567DF2F4-52FA-4FEF-A30B-7C48E596B72F}.Release|Any CPU.ActiveCfg = Release|Any CPU
		{567DF2F4-52FA-4FEF-A30B-7C48E596B72F}.Release|Any CPU.Build.0 = Release|Any CPU
		{8A3D1B0E-2A0F-40C3-B28F-2ECE36F60C34}.Debug|Any CPU.ActiveCfg = Debug|Any CPU
		{8A3D1B0E-2A0F-40C3-B28F-2ECE36F60C34}.Debug|Any CPU.Build.0 = Debug|Any CPU
		{8A3D1B0E-2A0F-40C3-B28F-2ECE36F60C34}.Release|Any CPU.ActiveCfg = Release|Any CPU
		{8A3D1B0E-2A0F-40C3-B28F-2ECE36F60C34}.Release|Any CPU.Build.0 = Release|Any CPU
		{FCF76BF0-4D59-4E8C-A3DE-A24E7D94F9E2}.Debug|Any CPU.ActiveCfg = Debug|Any CPU
		{FCF76BF0-4D59-4E8C-A3DE-A24E7D94F9E2}.Debug|Any CPU.Build.0 = Debug|Any CPU
		{FCF76BF0-4D59-4E8C-A3DE-A24E7D94F9E2}.Release|Any CPU.ActiveCfg = Release|Any CPU
		{FCF76BF0-4D59-4E8C-A3DE-A24E7D94F9E2}.Release|Any CPU.Build.0 = Release|Any CPU
		{553DC333-75FD-42C2-B3DF-F06D8D14F648}.Debug|Any CPU.ActiveCfg = Debug|Any CPU
		{553DC333-75FD-42C2-B3DF-F06D8D14F648}.Debug|Any CPU.Build.0 = Debug|Any CPU
		{553DC333-75FD-42C2-B3DF-F06D8D14F648}.Release|Any CPU.ActiveCfg = Release|Any CPU
		{553DC333-75FD-42C2-B3DF-F06D8D14F648}.Release|Any CPU.Build.0 = Release|Any CPU
	EndGlobalSection
	GlobalSection(SolutionProperties) = preSolution
		HideSolutionNode = FALSE
	EndGlobalSection
	GlobalSection(NestedProjects) = preSolution
		{553DC333-75FD-42C2-B3DF-F06D8D14F648} = {7BAFDF26-5E11-44A8-9FAD-1A6D3071973E}
	EndGlobalSection
EndGlobal
